PODS:
  - PasswordBoxView (0.0.2)

DEPENDENCIES:
  - PasswordBoxView (~> 0.0.2)

SPEC REPOS:
  https://github.com/CocoaPods/Specs.git:
    - PasswordBoxView

SPEC CHECKSUMS:
  PasswordBoxView: 58f0e4bf8ce419e86e7dd5480b48a1b9408b7ee4

PODFILE CHECKSUM: 05932bd79cba8e0d268895689e02b7525a5316b6

COCOAPODS: 1.9.1
